
Microsoft Visual Studio Solution File, Format Version 12.00
# Visual Studio Version 17
VisualStudioVersion = 17.2.32516.85
MinimumVisualStudioVersion = 10.0.40219.1
Project("{FAE04EC0-301F-11D3-BF4B-00C04F79EFBC}") = "PT2023", "PT2023\PT2023.csproj", "{608FBA35-DFB1-4D8F-9E5E-A4F159C2E717}"
EndProject
Global
	GlobalSection(SolutionConfigurationPlatforms) = preSolution
		Debug|Any CPU = Debug|Any CPU
		Debug|x64 = Debug|x64
		Release|Any CPU = Release|Any CPU
		Release|x64 = Release|x64
	EndGlobalSection
	GlobalSection(ProjectConfigurationPlatforms) = postSolution
		{608FBA35-DFB1-4D8F-9E5E-A4F159C2E717}.Debug|Any CPU.ActiveCfg = Debug|Any CPU
		{608FBA35-DFB1-4D8F-9E5E-A4F159C2E717}.Debug|Any CPU.Build.0 = Debug|Any CPU
		{608FBA35-DFB1-4D8F-9E5E-A4F159C2E717}.Debug|x64.ActiveCfg = Debug|x64
		{608FBA35-DFB1-4D8F-9E5E-A4F159C2E717}.Debug|x64.Build.0 = Debug|x64
		{608FBA35-DFB1-4D8F-9E5E-A4F159C2E717}.Release|Any CPU.ActiveCfg = Release|Any CPU
		{608FBA35-DFB1-4D8F-9E5E-A4F159C2E717}.Release|Any CPU.Build.0 = Release|Any CPU
		{608FBA35-DFB1-4D8F-9E5E-A4F159C2E717}.Release|x64.ActiveCfg = Release|x64
		{608FBA35-DFB1-4D8F-9E5E-A4F159C2E717}.Release|x64.Build.0 = Release|x64
	EndGlobalSection
	GlobalSection(SolutionProperties) = preSolution
		HideSolutionNode = FALSE
	EndGlobalSection
	GlobalSection(ExtensibilityGlobals) = postSolution
		SolutionGuid = {C2206336-06C8-4531-9A53-971E3BD89A19}
	EndGlobalSection
EndGlobal
